
Microsoft Visual Studio Solution File, Format Version 12.00
# Visual Studio 15
VisualStudioVersion = 15.0.28010.0
MinimumVisualStudioVersion = 10.0.40219.1
Project("{FAE04EC0-301F-11D3-BF4B-00C04F79EFBC}") = "Parser", "Parser\Parser.csproj", "{870F9818-8560-4212-AACB-5F8AD69D3CD0}"
EndProject
Global
	GlobalSection(SolutionConfigurationPlatforms) = preSolution
		Debug|Any CPU = Debug|Any CPU
		Release|Any CPU = Release|Any CPU
	EndGlobalSection
	GlobalSection(ProjectConfigurationPlatforms) = postSolution
		{870F9818-8560-4212-AACB-5F8AD69D3CD0}.Debug|Any CPU.ActiveCfg = Debug|Any CPU
		{870F9818-8560-4212-AACB-5F8AD69D3CD0}.Debug|Any CPU.Build.0 = Debug|Any CPU
		{870F9818-8560-4212-AACB-5F8AD69D3CD0}.Release|Any CPU.ActiveCfg = Release|Any CPU
		{870F9818-8560-4212-AACB-5F8AD69D3CD0}.Release|Any CPU.Build.0 = Release|Any CPU
	EndGlobalSection
	GlobalSection(SolutionProperties) = preSolution
		HideSolutionNode = FALSE
	EndGlobalSection
	GlobalSection(ExtensibilityGlobals) = postSolution
		SolutionGuid = {C03D9E46-E020-4861-9A0C-9413B1552FFC}
	EndGlobalSection
EndGlobal
